
Microsoft Visual Studio Solution File, Format Version 12.00
# Visual Studio 2012
Project("{FAE04EC0-301F-11D3-BF4B-00C04F79EFBC}") = "task 2 algo project", "task 2 algo project\task 2 algo project.csproj", "{D8C7CD9E-CB8E-4994-AA14-0656A95BFF84}"
EndProject
Global
	GlobalSection(SolutionConfigurationPlatforms) = preSolution
		Debug|Any CPU = Debug|Any CPU
		Release|Any CPU = Release|Any CPU
	EndGlobalSection
	GlobalSection(ProjectConfigurationPlatforms) = postSolution
		{D8C7CD9E-CB8E-4994-AA14-0656A95BFF84}.Debug|Any CPU.ActiveCfg = Debug|Any CPU
		{D8C7CD9E-CB8E-4994-AA14-0656A95BFF84}.Debug|Any CPU.Build.0 = Debug|Any CPU
		{D8C7CD9E-CB8E-4994-AA14-0656A95BFF84}.Release|Any CPU.ActiveCfg = Release|Any CPU
		{D8C7CD9E-CB8E-4994-AA14-0656A95BFF84}.Release|Any CPU.Build.0 = Release|Any CPU
	EndGlobalSection
	GlobalSection(SolutionProperties) = preSolution
		HideSolutionNode = FALSE
	EndGlobalSection
EndGlobal
